
Microsoft Visual Studio Solution File, Format Version 12.00
# Visual Studio Version 17
VisualStudioVersion = 17.11.35327.3
MinimumVisualStudioVersion = 10.0.40219.1
Project("{8BC9CEB8-8B4A-11D0-8D11-00A0C91BC942}") = "TestGame", "TestGame\TestGame.vcxproj", "{642E81A3-B255-4703-B429-2639088EC220}"
EndProject
Project("{8BC9CEB8-8B4A-11D0-8D11-00A0C91BC942}") = "Ein", "Ein\Ein.vcxproj", "{6E79706A-8FB5-4168-A553-F2EF13798CEB}"
EndProject
Global
	GlobalSection(SolutionConfigurationPlatforms) = preSolution
		Debug|x64 = Debug|x64
		Release|x64 = Release|x64
	EndGlobalSection
	GlobalSection(ProjectConfigurationPlatforms) = postSolution
		{6E79706A-8FB5-4168-A553-F2EF13798CEB}.Debug|x64.ActiveCfg = Debug|x64
		{6E79706A-8FB5-4168-A553-F2EF13798CEB}.Debug|x64.Build.0 = Debug|x64
		{6E79706A-8FB5-4168-A553-F2EF13798CEB}.Release|x64.ActiveCfg = Release|x64
		{6E79706A-8FB5-4168-A553-F2EF13798CEB}.Release|x64.Build.0 = Release|x64
		{642E81A3-B255-4703-B429-2639088EC220}.Debug|x64.ActiveCfg = Debug|x64
		{642E81A3-B255-4703-B429-2639088EC220}.Debug|x64.Build.0 = Debug|x64
		{642E81A3-B255-4703-B429-2639088EC220}.Release|x64.ActiveCfg = Release|x64
		{642E81A3-B255-4703-B429-2639088EC220}.Release|x64.Build.0 = Release|x64
	EndGlobalSection
	GlobalSection(SolutionProperties) = preSolution
		HideSolutionNode = FALSE
	EndGlobalSection
	GlobalSection(ExtensibilityGlobals) = postSolution
		SolutionGuid = {EAACF233-D17F-403E-8FCD-437E7BD51274}
	EndGlobalSection
EndGlobal
